
Microsoft Visual Studio Solution File, Format Version 12.00
# Visual Studio Version 17
VisualStudioVersion = 17.6.33815.320
MinimumVisualStudioVersion = 10.0.40219.1
Project("{FAE04EC0-301F-11D3-BF4B-00C04F79EFBC}") = "static", "static.csproj", "{6ACA3FD9-E6BB-47AA-B2DF-766714DBDF57}"
EndProject
Global
	GlobalSection(SolutionConfigurationPlatforms) = preSolution
		Debug|Any CPU = Debug|Any CPU
		Release|Any CPU = Release|Any CPU
	EndGlobalSection
	GlobalSection(ProjectConfigurationPlatforms) = postSolution
		{6ACA3FD9-E6BB-47AA-B2DF-766714DBDF57}.Debug|Any CPU.ActiveCfg = Debug|Any CPU
		{6ACA3FD9-E6BB-47AA-B2DF-766714DBDF57}.Debug|Any CPU.Build.0 = Debug|Any CPU
		{6ACA3FD9-E6BB-47AA-B2DF-766714DBDF57}.Release|Any CPU.ActiveCfg = Release|Any CPU
		{6ACA3FD9-E6BB-47AA-B2DF-766714DBDF57}.Release|Any CPU.Build.0 = Release|Any CPU
	EndGlobalSection
	GlobalSection(SolutionProperties) = preSolution
		HideSolutionNode = FALSE
	EndGlobalSection
	GlobalSection(ExtensibilityGlobals) = postSolution
		SolutionGuid = {1BC2E949-F252-4156-85BE-220DB4B10AB8}
	EndGlobalSection
EndGlobal
